// !$*UTF8*$!
{
	archiveVersion = 1;
	classes = {
	};
	objectVersion = 50;
	objects = {

/* Begin PBXBuildFile section */
		7A38F11A25DC845400C0F818 /* ConfigureSheetController.swift in Sources */ = {isa = PBXBuildFile; fileRef = 7A38F11925DC845400C0F818 /* ConfigureSheetController.swift */; };
		7A38F11D25DC845700C0F818 /* ConfigureSheetController.swift in Sources */ = {isa = PBXBuildFile; fileRef = 7A38F11925DC845400C0F818 /* ConfigureSheetController.swift */; };
		7A38F12125DC849F00C0F818 /* ConfigureSheet.xib in Resources */ = {isa = PBXBuildFile; fileRef = 7A38F12025DC849F00C0F818 /* ConfigureSheet.xib */; };
		7A38F12825DC950500C0F818 /* ConfigureSheet.xib in Resources */ = {isa = PBXBuildFile; fileRef = 7A38F12025DC849F00C0F818 /* ConfigureSheet.xib */; };
		7A4B7BE625D74C7300120106 /* nubeArribaIzquierda.png in Resources */ = {isa = PBXBuildFile; fileRef = 7A4B7BE025D74C7200120106 /* nubeArribaIzquierda.png */; };
		7A4B7BE725D74C7300120106 /* soloAvion1.png in Resources */ = {isa = PBXBuildFile; fileRef = 7A4B7BE125D74C7200120106 /* soloAvion1.png */; };
		7A4B7BE825D74C7300120106 /* soloAvion2.png in Resources */ = {isa = PBXBuildFile; fileRef = 7A4B7BE225D74C7200120106 /* soloAvion2.png */; };
		7A4B7BE925D74C7300120106 /* fondo.png in Resources */ = {isa = PBXBuildFile; fileRef = 7A4B7BE325D74C7300120106 /* fondo.png */; };
		7A4B7BEA25D74C7300120106 /* nubeAbajoIzquierda.png in Resources */ = {isa = PBXBuildFile; fileRef = 7A4B7BE425D74C7300120106 /* nubeAbajoIzquierda.png */; };
		7A4B7BEB25D74C7300120106 /* nubeAbajo.png in Resources */ = {isa = PBXBuildFile; fileRef = 7A4B7BE525D74C7300120106 /* nubeAbajo.png */; };
		7A6B91C025D5BBE500FB8A0A /* GameScene.swift in Sources */ = {isa = PBXBuildFile; fileRef = 7A6B91BF25D5BBE500FB8A0A /* GameScene.swift */; };
		7A7C0D5B25D588BC00D09AA7 /* AvionView.swift in Sources */ = {isa = PBXBuildFile; fileRef = 7A7C0D5A25D588BC00D09AA7 /* AvionView.swift */; };
		7A7C0D8925D5A82C00D09AA7 /* avi2.png in Resources */ = {isa = PBXBuildFile; fileRef = 7A7C0D8725D5A82C00D09AA7 /* avi2.png */; };
		7A7C0D8A25D5A82C00D09AA7 /* thumbnail.png in Resources */ = {isa = PBXBuildFile; fileRef = 7A7C0D8825D5A82C00D09AA7 /* thumbnail.png */; };
		7AC5414025DBC13600F68D72 /* AppDelegate.swift in Sources */ = {isa = PBXBuildFile; fileRef = 7AC5413F25DBC13600F68D72 /* AppDelegate.swift */; };
		7AD0458025DAC2E4009519F2 /* ViewController.swift in Sources */ = {isa = PBXBuildFile; fileRef = 7AD0457F25DAC2E4009519F2 /* ViewController.swift */; };
		7AD0458225DAC2EB009519F2 /* Assets.xcassets in Resources */ = {isa = PBXBuildFile; fileRef = 7AD0458125DAC2EB009519F2 /* Assets.xcassets */; };
		7AD0458525DAC2EB009519F2 /* Main.storyboard in Resources */ = {isa = PBXBuildFile; fileRef = 7AD0458325DAC2EB009519F2 /* Main.storyboard */; };
		7AD0458F25DAC314009519F2 /* avi2.png in Resources */ = {isa = PBXBuildFile; fileRef = 7A7C0D8725D5A82C00D09AA7 /* avi2.png */; };
		7AD0459025DAC314009519F2 /* fondo.png in Resources */ = {isa = PBXBuildFile; fileRef = 7A4B7BE325D74C7300120106 /* fondo.png */; };
		7AD0459125DAC314009519F2 /* AvionView.swift in Sources */ = {isa = PBXBuildFile; fileRef = 7A7C0D5A25D588BC00D09AA7 /* AvionView.swift */; };
		7AD0459225DAC314009519F2 /* GameScene.swift in Sources */ = {isa = PBXBuildFile; fileRef = 7A6B91BF25D5BBE500FB8A0A /* GameScene.swift */; };
		7AD0459325DAC314009519F2 /* nubeAbajo.png in Resources */ = {isa = PBXBuildFile; fileRef = 7A4B7BE525D74C7300120106 /* nubeAbajo.png */; };
		7AD0459425DAC314009519F2 /* nubeAbajoIzquierda.png in Resources */ = {isa = PBXBuildFile; fileRef = 7A4B7BE425D74C7300120106 /* nubeAbajoIzquierda.png */; };
		7AD0459525DAC314009519F2 /* soloAvion2.png in Resources */ = {isa = PBXBuildFile; fileRef = 7A4B7BE225D74C7200120106 /* soloAvion2.png */; };
		7AD0459625DAC314009519F2 /* thumbnail.png in Resources */ = {isa = PBXBuildFile; fileRef = 7A7C0D8825D5A82C00D09AA7 /* thumbnail.png */; };
		7AD0459725DAC314009519F2 /* nubeArribaIzquierda.png in Resources */ = {isa = PBXBuildFile; fileRef = 7A4B7BE025D74C7200120106 /* nubeArribaIzquierda.png */; };
		7AD0459825DAC314009519F2 /* soloAvion1.png in Resources */ = {isa = PBXBuildFile; fileRef = 7A4B7BE125D74C7200120106 /* soloAvion1.png */; };
/* End PBXBuildFile section */

/* Begin PBXFileReference section */
		7A38F11925DC845400C0F818 /* ConfigureSheetController.swift */ = {isa = PBXFileReference; fileEncoding = 4; lastKnownFileType = sourcecode.swift; path = ConfigureSheetController.swift; sourceTree = "<group>"; };
		7A38F12025DC849F00C0F818 /* ConfigureSheet.xib */ = {isa = PBXFileReference; lastKnownFileType = file.xib; path = ConfigureSheet.xib; sourceTree = "<group>"; };
		7A4B7BE025D74C7200120106 /* nubeArribaIzquierda.png */ = {isa = PBXFileReference; lastKnownFileType = image.png; path = nubeArribaIzquierda.png; sourceTree = "<group>"; };
		7A4B7BE125D74C7200120106 /* soloAvion1.png */ = {isa = PBXFileReference; lastKnownFileType = image.png; path = soloAvion1.png; sourceTree = "<group>"; };
		7A4B7BE225D74C7200120106 /* soloAvion2.png */ = {isa = PBXFileReference; lastKnownFileType = image.png; path = soloAvion2.png; sourceTree = "<group>"; };
		7A4B7BE325D74C7300120106 /* fondo.png */ = {isa = PBXFileReference; lastKnownFileType = image.png; path = fondo.png; sourceTree = "<group>"; };
		7A4B7BE425D74C7300120106 /* nubeAbajoIzquierda.png */ = {isa = PBXFileReference; lastKnownFileType = image.png; path = nubeAbajoIzquierda.png; sourceTree = "<group>"; };
		7A4B7BE525D74C7300120106 /* nubeAbajo.png */ = {isa = PBXFileReference; lastKnownFileType = image.png; path = nubeAbajo.png; sourceTree = "<group>"; };
		7A6B91BF25D5BBE500FB8A0A /* GameScene.swift */ = {isa = PBXFileReference; fileEncoding = 4; lastKnownFileType = sourcecode.swift; path = GameScene.swift; sourceTree = "<group>"; };
		7A7C0D4B25D5886F00D09AA7 /* Avion.saver */ = {isa = PBXFileReference; explicitFileType = wrapper.cfbundle; includeInIndex = 0; path = Avion.saver; sourceTree = BUILT_PRODUCTS_DIR; };
		7A7C0D5225D5886F00D09AA7 /* Info.plist */ = {isa = PBXFileReference; lastKnownFileType = text.plist.xml; path = Info.plist; sourceTree = "<group>"; };
		7A7C0D5A25D588BC00D09AA7 /* AvionView.swift */ = {isa = PBXFileReference; lastKnownFileType = sourcecode.swift; path = AvionView.swift; sourceTree = "<group>"; };
		7A7C0D8725D5A82C00D09AA7 /* avi2.png */ = {isa = PBXFileReference; lastKnownFileType = image.png; path = avi2.png; sourceTree = "<group>"; };
		7A7C0D8825D5A82C00D09AA7 /* thumbnail.png */ = {isa = PBXFileReference; lastKnownFileType = image.png; path = thumbnail.png; sourceTree = "<group>"; };
		7AC5413F25DBC13600F68D72 /* AppDelegate.swift */ = {isa = PBXFileReference; fileEncoding = 4; lastKnownFileType = sourcecode.swift; path = AppDelegate.swift; sourceTree = "<group>"; };
		7AD0457B25DAC2E4009519F2 /* testAvion.app */ = {isa = PBXFileReference; explicitFileType = wrapper.application; includeInIndex = 0; path = testAvion.app; sourceTree = BUILT_PRODUCTS_DIR; };
		7AD0457F25DAC2E4009519F2 /* ViewController.swift */ = {isa = PBXFileReference; lastKnownFileType = sourcecode.swift; path = ViewController.swift; sourceTree = "<group>"; };
		7AD0458125DAC2EB009519F2 /* Assets.xcassets */ = {isa = PBXFileReference; lastKnownFileType = folder.assetcatalog; path = Assets.xcassets; sourceTree = "<group>"; };
		7AD0458425DAC2EB009519F2 /* Base */ = {isa = PBXFileReference; lastKnownFileType = file.storyboard; name = Base; path = Base.lproj/Main.storyboard; sourceTree = "<group>"; };
		7AD0458625DAC2EB009519F2 /* Info.plist */ = {isa = PBXFileReference; lastKnownFileType = text.plist.xml; path = Info.plist; sourceTree = "<group>"; };
		7AD0458725DAC2EB009519F2 /* testAvion.entitlements */ = {isa = PBXFileReference; lastKnownFileType = text.plist.entitlements; path = testAvion.entitlements; sourceTree = "<group>"; };
/* End PBXFileReference section */

/* Begin PBXFrameworksBuildPhase section */
		7A7C0D4825D5886F00D09AA7 /* Frameworks */ = {
			isa = PBXFrameworksBuildPhase;
			buildActionMask = 2147483647;
			files = (
			);
			runOnlyForDeploymentPostprocessing = 0;
		};
		7AD0457825DAC2E4009519F2 /* Frameworks */ = {
			isa = PBXFrameworksBuildPhase;
			buildActionMask = 2147483647;
			files = (
			);
			runOnlyForDeploymentPostprocessing = 0;
		};
/* End PBXFrameworksBuildPhase section */

/* Begin PBXGroup section */
		7A38F11825DC83AE00C0F818 /* preferencias */ = {
			isa = PBXGroup;
			children = (
				7A7C0D8825D5A82C00D09AA7 /* thumbnail.png */,
				7A38F11925DC845400C0F818 /* ConfigureSheetController.swift */,
				7A38F12025DC849F00C0F818 /* ConfigureSheet.xib */,
			);
			path = preferencias;
			sourceTree = "<group>";
		};
		7A7C0D4125D5886F00D09AA7 = {
			isa = PBXGroup;
			children = (
				7A7C0D4D25D5886F00D09AA7 /* Avion screensaver */,
				7AD0457C25DAC2E4009519F2 /* testAvion */,
				7A7C0D4C25D5886F00D09AA7 /* Products */,
			);
			sourceTree = "<group>";
		};
		7A7C0D4C25D5886F00D09AA7 /* Products */ = {
			isa = PBXGroup;
			children = (
				7A7C0D4B25D5886F00D09AA7 /* Avion.saver */,
				7AD0457B25DAC2E4009519F2 /* testAvion.app */,
			);
			name = Products;
			sourceTree = "<group>";
		};
		7A7C0D4D25D5886F00D09AA7 /* Avion screensaver */ = {
			isa = PBXGroup;
			children = (
				7A38F11825DC83AE00C0F818 /* preferencias */,
				7A7C0D5225D5886F00D09AA7 /* Info.plist */,
				7A7C0D5A25D588BC00D09AA7 /* AvionView.swift */,
				7A6B91BF25D5BBE500FB8A0A /* GameScene.swift */,
				7A7C0D8725D5A82C00D09AA7 /* avi2.png */,
				7A4B7BE325D74C7300120106 /* fondo.png */,
				7A4B7BE525D74C7300120106 /* nubeAbajo.png */,
				7A4B7BE425D74C7300120106 /* nubeAbajoIzquierda.png */,
				7A4B7BE025D74C7200120106 /* nubeArribaIzquierda.png */,
				7A4B7BE125D74C7200120106 /* soloAvion1.png */,
				7A4B7BE225D74C7200120106 /* soloAvion2.png */,
			);
			path = "Avion screensaver";
			sourceTree = "<group>";
		};
		7AD0457C25DAC2E4009519F2 /* testAvion */ = {
			isa = PBXGroup;
			children = (
				7AC5413F25DBC13600F68D72 /* AppDelegate.swift */,
				7AD0457F25DAC2E4009519F2 /* ViewController.swift */,
				7AD0458125DAC2EB009519F2 /* Assets.xcassets */,
				7AD0458325DAC2EB009519F2 /* Main.storyboard */,
				7AD0458625DAC2EB009519F2 /* Info.plist */,
				7AD0458725DAC2EB009519F2 /* testAvion.entitlements */,
			);
			path = testAvion;
			sourceTree = "<group>";
		};
/* End PBXGroup section */

/* Begin PBXHeadersBuildPhase section */
		7A7C0D4625D5886F00D09AA7 /* Headers */ = {
			isa = PBXHeadersBuildPhase;
			buildActionMask = 2147483647;
			files = (
			);
			runOnlyForDeploymentPostprocessing = 0;
		};
/* End PBXHeadersBuildPhase section */

/* Begin PBXNativeTarget section */
		7A7C0D4A25D5886F00D09AA7 /* Avion */ = {
			isa = PBXNativeTarget;
			buildConfigurationList = 7A7C0D5525D5886F00D09AA7 /* Build configuration list for PBXNativeTarget "Avion" */;
			buildPhases = (
				7A7C0D4625D5886F00D09AA7 /* Headers */,
				7A7C0D4725D5886F00D09AA7 /* Sources */,
				7A7C0D4825D5886F00D09AA7 /* Frameworks */,
				7A7C0D4925D5886F00D09AA7 /* Resources */,
			);
			buildRules = (
			);
			dependencies = (
			);
			name = Avion;
			productName = Avion;
			productReference = 7A7C0D4B25D5886F00D09AA7 /* Avion.saver */;
			productType = "com.apple.product-type.bundle";
		};
		7AD0457A25DAC2E4009519F2 /* testAvion */ = {
			isa = PBXNativeTarget;
			buildConfigurationList = 7AD0458825DAC2EB009519F2 /* Build configuration list for PBXNativeTarget "testAvion" */;
			buildPhases = (
				7AD0457725DAC2E4009519F2 /* Sources */,
				7AD0457825DAC2E4009519F2 /* Frameworks */,
				7AD0457925DAC2E4009519F2 /* Resources */,
			);
			buildRules = (
			);
			dependencies = (
			);
			name = testAvion;
			productName = testAvion;
			productReference = 7AD0457B25DAC2E4009519F2 /* testAvion.app */;
			productType = "com.apple.product-type.application";
		};
/* End PBXNativeTarget section */

/* Begin PBXProject section */
		7A7C0D4225D5886F00D09AA7 /* Project object */ = {
			isa = PBXProject;
			attributes = {
				LastSwiftUpdateCheck = 1230;
				LastUpgradeCheck = 1210;
				TargetAttributes = {
					7A7C0D4A25D5886F00D09AA7 = {
						CreatedOnToolsVersion = 12.1;
						LastSwiftMigration = 1210;
					};
					7AD0457A25DAC2E4009519F2 = {
						CreatedOnToolsVersion = 12.3;
					};
				};
			};
			buildConfigurationList = 7A7C0D4525D5886F00D09AA7 /* Build configuration list for PBXProject "Avion" */;
			compatibilityVersion = "Xcode 9.3";
			developmentRegion = en;
			hasScannedForEncodings = 0;
			knownRegions = (
				en,
				Base,
			);
			mainGroup = 7A7C0D4125D5886F00D09AA7;
			productRefGroup = 7A7C0D4C25D5886F00D09AA7 /* Products */;
			projectDirPath = "";
			projectRoot = "";
			targets = (
				7A7C0D4A25D5886F00D09AA7 /* Avion */,
				7AD0457A25DAC2E4009519F2 /* testAvion */,
			);
		};
/* End PBXProject section */

/* Begin PBXResourcesBuildPhase section */
		7A7C0D4925D5886F00D09AA7 /* Resources */ = {
			isa = PBXResourcesBuildPhase;
			buildActionMask = 2147483647;
			files = (
				7A4B7BE925D74C7300120106 /* fondo.png in Resources */,
				7A4B7BE725D74C7300120106 /* soloAvion1.png in Resources */,
				7A7C0D8A25D5A82C00D09AA7 /* thumbnail.png in Resources */,
				7A7C0D8925D5A82C00D09AA7 /* avi2.png in Resources */,
				7A4B7BEA25D74C7300120106 /* nubeAbajoIzquierda.png in Resources */,
				7A38F12125DC849F00C0F818 /* ConfigureSheet.xib in Resources */,
				7A4B7BE825D74C7300120106 /* soloAvion2.png in Resources */,
				7A4B7BE625D74C7300120106 /* nubeArribaIzquierda.png in Resources */,
				7A4B7BEB25D74C7300120106 /* nubeAbajo.png in Resources */,
			);
			runOnlyForDeploymentPostprocessing = 0;
		};
		7AD0457925DAC2E4009519F2 /* Resources */ = {
			isa = PBXResourcesBuildPhase;
			buildActionMask = 2147483647;
			files = (
				7AD0459525DAC314009519F2 /* soloAvion2.png in Resources */,
				7AD0458225DAC2EB009519F2 /* Assets.xcassets in Resources */,
				7AD0458525DAC2EB009519F2 /* Main.storyboard in Resources */,
				7AD0459025DAC314009519F2 /* fondo.png in Resources */,
				7AD0459625DAC314009519F2 /* thumbnail.png in Resources */,
				7AD0459725DAC314009519F2 /* nubeArribaIzquierda.png in Resources */,
				7AD0458F25DAC314009519F2 /* avi2.png in Resources */,
				7AD0459425DAC314009519F2 /* nubeAbajoIzquierda.png in Resources */,
				7AD0459825DAC314009519F2 /* soloAvion1.png in Resources */,
				7A38F12825DC950500C0F818 /* ConfigureSheet.xib in Resources */,
				7AD0459325DAC314009519F2 /* nubeAbajo.png in Resources */,
			);
			runOnlyForDeploymentPostprocessing = 0;
		};
/* End PBXResourcesBuildPhase section */

/* Begin PBXSourcesBuildPhase section */
		7A7C0D4725D5886F00D09AA7 /* Sources */ = {
			isa = PBXSourcesBuildPhase;
			buildActionMask = 2147483647;
			files = (
				7A6B91C025D5BBE500FB8A0A /* GameScene.swift in Sources */,
				7A38F11A25DC845400C0F818 /* ConfigureSheetController.swift in Sources */,
				7A7C0D5B25D588BC00D09AA7 /* AvionView.swift in Sources */,
			);
			runOnlyForDeploymentPostprocessing = 0;
		};
		7AD0457725DAC2E4009519F2 /* Sources */ = {
			isa = PBXSourcesBuildPhase;
			buildActionMask = 2147483647;
			files = (
				7AC5414025DBC13600F68D72 /* AppDelegate.swift in Sources */,
				7AD0459125DAC314009519F2 /* AvionView.swift in Sources */,
				7AD0458025DAC2E4009519F2 /* ViewController.swift in Sources */,
				7AD0459225DAC314009519F2 /* GameScene.swift in Sources */,
				7A38F11D25DC845700C0F818 /* ConfigureSheetController.swift in Sources */,
			);
			runOnlyForDeploymentPostprocessing = 0;
		};
/* End PBXSourcesBuildPhase section */

/* Begin PBXVariantGroup section */
		7AD0458325DAC2EB009519F2 /* Main.storyboard */ = {
			isa = PBXVariantGroup;
			children = (
				7AD0458425DAC2EB009519F2 /* Base */,
			);
			name = Main.storyboard;
			sourceTree = "<group>";
		};
/* End PBXVariantGroup section */

/* Begin XCBuildConfiguration section */
		7A7C0D5325D5886F00D09AA7 /* Debug */ = {
			isa = XCBuildConfiguration;
			buildSettings = {
				ALWAYS_SEARCH_USER_PATHS = NO;
				CLANG_ANALYZER_NONNULL = YES;
				CLANG_ANALYZER_NUMBER_OBJECT_CONVERSION = YES_AGGRESSIVE;
				CLANG_CXX_LANGUAGE_STANDARD = "gnu++14";
				CLANG_CXX_LIBRARY = "libc++";
				CLANG_ENABLE_MODULES = YES;
				CLANG_ENABLE_OBJC_ARC = YES;
				CLANG_ENABLE_OBJC_WEAK = YES;
				CLANG_WARN_BLOCK_CAPTURE_AUTORELEASING = YES;
				CLANG_WARN_BOOL_CONVERSION = YES;
				CLANG_WARN_COMMA = YES;
				CLANG_WARN_CONSTANT_CONVERSION = YES;
				CLANG_WARN_DEPRECATED_OBJC_IMPLEMENTATIONS = YES;
				CLANG_WARN_DIRECT_OBJC_ISA_USAGE = YES_ERROR;
				CLANG_WARN_DOCUMENTATION_COMMENTS = YES;
				CLANG_WARN_EMPTY_BODY = YES;
				CLANG_WARN_ENUM_CONVERSION = YES;
				CLANG_WARN_INFINITE_RECURSION = YES;
				CLANG_WARN_INT_CONVERSION = YES;
				CLANG_WARN_NON_LITERAL_NULL_CONVERSION = YES;
				CLANG_WARN_OBJC_IMPLICIT_RETAIN_SELF = YES;
				CLANG_WARN_OBJC_LITERAL_CONVERSION = YES;
				CLANG_WARN_OBJC_ROOT_CLASS = YES_ERROR;
				CLANG_WARN_QUOTED_INCLUDE_IN_FRAMEWORK_HEADER = YES;
				CLANG_WARN_RANGE_LOOP_ANALYSIS = YES;
				CLANG_WARN_STRICT_PROTOTYPES = YES;
				CLANG_WARN_SUSPICIOUS_MOVE = YES;
				CLANG_WARN_UNGUARDED_AVAILABILITY = YES_AGGRESSIVE;
				CLANG_WARN_UNREACHABLE_CODE = YES;
				CLANG_WARN__DUPLICATE_METHOD_MATCH = YES;
				COPY_PHASE_STRIP = NO;
				DEBUG_INFORMATION_FORMAT = dwarf;
				ENABLE_STRICT_OBJC_MSGSEND = YES;
				ENABLE_TESTABILITY = YES;
				GCC_C_LANGUAGE_STANDARD = gnu11;
				GCC_DYNAMIC_NO_PIC = NO;
				GCC_NO_COMMON_BLOCKS = YES;
				GCC_OPTIMIZATION_LEVEL = 0;
				GCC_PREPROCESSOR_DEFINITIONS = (
					"DEBUG=1",
					"$(inherited)",
				);
				GCC_WARN_64_TO_32_BIT_CONVERSION = YES;
				GCC_WARN_ABOUT_RETURN_TYPE = YES_ERROR;
				GCC_WARN_UNDECLARED_SELECTOR = YES;
				GCC_WARN_UNINITIALIZED_AUTOS = YES_AGGRESSIVE;
				GCC_WARN_UNUSED_FUNCTION = YES;
				GCC_WARN_UNUSED_VARIABLE = YES;
				MACOSX_DEPLOYMENT_TARGET = 10.15;
				MTL_ENABLE_DEBUG_INFO = INCLUDE_SOURCE;
				MTL_FAST_MATH = YES;
				ONLY_ACTIVE_ARCH = YES;
				SDKROOT = macosx;
			};
			name = Debug;
		};
		7A7C0D5425D5886F00D09AA7 /* Release */ = {
			isa = XCBuildConfiguration;
			buildSettings = {
				ALWAYS_SEARCH_USER_PATHS = NO;
				CLANG_ANALYZER_NONNULL = YES;
				CLANG_ANALYZER_NUMBER_OBJECT_CONVERSION = YES_AGGRESSIVE;
				CLANG_CXX_LANGUAGE_STANDARD = "gnu++14";
				CLANG_CXX_LIBRARY = "libc++";
				CLANG_ENABLE_MODULES = YES;
				CLANG_ENABLE_OBJC_ARC = YES;
				CLANG_ENABLE_OBJC_WEAK = YES;
				CLANG_WARN_BLOCK_CAPTURE_AUTORELEASING = YES;
				CLANG_WARN_BOOL_CONVERSION = YES;
				CLANG_WARN_COMMA = YES;
				CLANG_WARN_CONSTANT_CONVERSION = YES;
				CLANG_WARN_DEPRECATED_OBJC_IMPLEMENTATIONS = YES;
				CLANG_WARN_DIRECT_OBJC_ISA_USAGE = YES_ERROR;
				CLANG_WARN_DOCUMENTATION_COMMENTS = YES;
				CLANG_WARN_EMPTY_BODY = YES;
				CLANG_WARN_ENUM_CONVERSION = YES;
				CLANG_WARN_INFINITE_RECURSION = YES;
				CLANG_WARN_INT_CONVERSION = YES;
				CLANG_WARN_NON_LITERAL_NULL_CONVERSION = YES;
				CLANG_WARN_OBJC_IMPLICIT_RETAIN_SELF = YES;
				CLANG_WARN_OBJC_LITERAL_CONVERSION = YES;
				CLANG_WARN_OBJC_ROOT_CLASS = YES_ERROR;
				CLANG_WARN_QUOTED_INCLUDE_IN_FRAMEWORK_HEADER = YES;
				CLANG_WARN_RANGE_LOOP_ANALYSIS = YES;
				CLANG_WARN_STRICT_PROTOTYPES = YES;
				CLANG_WARN_SUSPICIOUS_MOVE = YES;
				CLANG_WARN_UNGUARDED_AVAILABILITY = YES_AGGRESSIVE;
				CLANG_WARN_UNREACHABLE_CODE = YES;
				CLANG_WARN__DUPLICATE_METHOD_MATCH = YES;
				COPY_PHASE_STRIP = NO;
				DEBUG_INFORMATION_FORMAT = "dwarf-with-dsym";
				ENABLE_NS_ASSERTIONS = NO;
				ENABLE_STRICT_OBJC_MSGSEND = YES;
				GCC_C_LANGUAGE_STANDARD = gnu11;
				GCC_NO_COMMON_BLOCKS = YES;
				GCC_WARN_64_TO_32_BIT_CONVERSION = YES;
				GCC_WARN_ABOUT_RETURN_TYPE = YES_ERROR;
				GCC_WARN_UNDECLARED_SELECTOR = YES;
				GCC_WARN_UNINITIALIZED_AUTOS = YES_AGGRESSIVE;
				GCC_WARN_UNUSED_FUNCTION = YES;
				GCC_WARN_UNUSED_VARIABLE = YES;
				MACOSX_DEPLOYMENT_TARGET = 10.15;
				MTL_ENABLE_DEBUG_INFO = NO;
				MTL_FAST_MATH = YES;
				SDKROOT = macosx;
			};
			name = Release;
		};
		7A7C0D5625D5886F00D09AA7 /* Debug */ = {
			isa = XCBuildConfiguration;
			buildSettings = {
				CLANG_ENABLE_MODULES = YES;
				CODE_SIGN_IDENTITY = "-";
				CODE_SIGN_STYLE = Automatic;
				COMBINE_HIDPI_IMAGES = YES;
				DEVELOPMENT_TEAM = "";
				INFOPLIST_FILE = "$(SRCROOT)/Avion screensaver/Info.plist";
				INSTALL_PATH = "$(HOME)/Library/Screen Savers";
				LD_RUNPATH_SEARCH_PATHS = (
					"$(inherited)",
					"@executable_path/../Frameworks",
					"@loader_path/../Frameworks",
				);
				MACOSX_DEPLOYMENT_TARGET = 10.12;
				PRODUCT_BUNDLE_IDENTIFIER = com.desarrolloswebapp.Avion;
				PRODUCT_NAME = "$(TARGET_NAME)";
				SWIFT_OPTIMIZATION_LEVEL = "-Onone";
				SWIFT_VERSION = 5.0;
				WRAPPER_EXTENSION = saver;
			};
			name = Debug;
		};
		7A7C0D5725D5886F00D09AA7 /* Release */ = {
			isa = XCBuildConfiguration;
			buildSettings = {
				CLANG_ENABLE_MODULES = YES;
				CODE_SIGN_IDENTITY = "-";
				CODE_SIGN_STYLE = Automatic;
				COMBINE_HIDPI_IMAGES = YES;
				DEVELOPMENT_TEAM = "";
				INFOPLIST_FILE = "$(SRCROOT)/Avion screensaver/Info.plist";
				INSTALL_PATH = "$(HOME)/Library/Screen Savers";
				LD_RUNPATH_SEARCH_PATHS = (
					"$(inherited)",
					"@executable_path/../Frameworks",
					"@loader_path/../Frameworks",
				);
				MACOSX_DEPLOYMENT_TARGET = 10.12;
				PRODUCT_BUNDLE_IDENTIFIER = com.desarrolloswebapp.Avion;
				PRODUCT_NAME = "$(TARGET_NAME)";
				SWIFT_VERSION = 5.0;
				WRAPPER_EXTENSION = saver;
			};
			name = Release;
		};
		7AD0458925DAC2EB009519F2 /* Debug */ = {
			isa = XCBuildConfiguration;
			buildSettings = {
				ASSETCATALOG_COMPILER_APPICON_NAME = AppIcon;
				ASSETCATALOG_COMPILER_GLOBAL_ACCENT_COLOR_NAME = AccentColor;
				CODE_SIGN_ENTITLEMENTS = testAvion/testAvion.entitlements;
				CODE_SIGN_STYLE = Automatic;
				COMBINE_HIDPI_IMAGES = YES;
				DEVELOPMENT_TEAM = 3U64K6S6NA;
				ENABLE_HARDENED_RUNTIME = YES;
				INFOPLIST_FILE = testAvion/Info.plist;
				LD_RUNPATH_SEARCH_PATHS = (
					"$(inherited)",
					"@executable_path/../Frameworks",
				);
				MACOSX_DEPLOYMENT_TARGET = 10.14;
				PRODUCT_BUNDLE_IDENTIFIER = com.desarrolloswebapp.wallpaper.testAvion;
				PRODUCT_NAME = "$(TARGET_NAME)";
				SWIFT_ACTIVE_COMPILATION_CONDITIONS = DEBUG;
				SWIFT_OPTIMIZATION_LEVEL = "-Onone";
				SWIFT_VERSION = 5.0;
			};
			name = Debug;
		};
		7AD0458A25DAC2EB009519F2 /* Release */ = {
			isa = XCBuildConfiguration;
			buildSettings = {
				ASSETCATALOG_COMPILER_APPICON_NAME = AppIcon;
				ASSETCATALOG_COMPILER_GLOBAL_ACCENT_COLOR_NAME = AccentColor;
				CODE_SIGN_ENTITLEMENTS = testAvion/testAvion.entitlements;
				CODE_SIGN_STYLE = Automatic;
				COMBINE_HIDPI_IMAGES = YES;
				DEVELOPMENT_TEAM = 3U64K6S6NA;
				ENABLE_HARDENED_RUNTIME = YES;
				INFOPLIST_FILE = testAvion/Info.plist;
				LD_RUNPATH_SEARCH_PATHS = (
					"$(inherited)",
					"@executable_path/../Frameworks",
				);
				MACOSX_DEPLOYMENT_TARGET = 10.14;
				PRODUCT_BUNDLE_IDENTIFIER = com.desarrolloswebapp.wallpaper.testAvion;
				PRODUCT_NAME = "$(TARGET_NAME)";
				SWIFT_COMPILATION_MODE = wholemodule;
				SWIFT_OPTIMIZATION_LEVEL = "-O";
				SWIFT_VERSION = 5.0;
			};
			name = Release;
		};
/* End XCBuildConfiguration section */

/* Begin XCConfigurationList section */
		7A7C0D4525D5886F00D09AA7 /* Build configuration list for PBXProject "Avion" */ = {
			isa = XCConfigurationList;
			buildConfigurations = (
				7A7C0D5325D5886F00D09AA7 /* Debug */,
				7A7C0D5425D5886F00D09AA7 /* Release */,
			);
			defaultConfigurationIsVisible = 0;
			defaultConfigurationName = Release;
		};
		7A7C0D5525D5886F00D09AA7 /* Build configuration list for PBXNativeTarget "Avion" */ = {
			isa = XCConfigurationList;
			buildConfigurations = (
				7A7C0D5625D5886F00D09AA7 /* Debug */,
				7A7C0D5725D5886F00D09AA7 /* Release */,
			);
			defaultConfigurationIsVisible = 0;
			defaultConfigurationName = Release;
		};
		7AD0458825DAC2EB009519F2 /* Build configuration list for PBXNativeTarget "testAvion" */ = {
			isa = XCConfigurationList;
			buildConfigurations = (
				7AD0458925DAC2EB009519F2 /* Debug */,
				7AD0458A25DAC2EB009519F2 /* Release */,
			);
			defaultConfigurationIsVisible = 0;
			defaultConfigurationName = Release;
		};
/* End XCConfigurationList section */
	};
	rootObject = 7A7C0D4225D5886F00D09AA7 /* Project object */;
}
